{
  "name": "lol",
  "version": "1.0.0",
  "lockfileVersion": 1,
  "requires": true,
  "dependencies": {
    "fs": {
      "version": "0.0.1-security",
      "resolved": "https://registry.npmjs.org/fs/-/fs-0.0.1-security.tgz",
      "integrity": "sha1-invTcYa23d84E/I4WLV+yq9eQdQ="
    },
    "smpljavascript": {
      "version": "1.1.5",
      "resolved": "https://registry.npmjs.org/smpljavascript/-/smpljavascript-1.1.5.tgz",
      "integrity": "sha512-Q44XHjxPEct0IKTCHUZ3XyZw0aAwlsGQEaEGrHYnoybgBd8v1ZDiRyrH1A5UAvvJuqNoO3TYtLAjOW7nup21vA=="
    }
  }
}
